// !$*UTF8*$!
{
	archiveVersion = 1;
	classes = {
	};
	objectVersion = 56;
	objects = {

/* Begin PBXBuildFile section */
		0A2E69102A9D4038004E065B /* AppDelegate.swift in Sources */ = {isa = PBXBuildFile; fileRef = 0A2E690F2A9D4038004E065B /* AppDelegate.swift */; };
		0A2E69122A9D4038004E065B /* SceneDelegate.swift in Sources */ = {isa = PBXBuildFile; fileRef = 0A2E69112A9D4038004E065B /* SceneDelegate.swift */; };
		0A2E69142A9D4038004E065B /* HomeViewController.swift in Sources */ = {isa = PBXBuildFile; fileRef = 0A2E69132A9D4038004E065B /* HomeViewController.swift */; };
		0A2E69192A9D4039004E065B /* Assets.xcassets in Resources */ = {isa = PBXBuildFile; fileRef = 0A2E69182A9D4039004E065B /* Assets.xcassets */; };
		0A2E691C2A9D4039004E065B /* LaunchScreen.storyboard in Resources */ = {isa = PBXBuildFile; fileRef = 0A2E691A2A9D4039004E065B /* LaunchScreen.storyboard */; };
		0A2E69372A9D473B004E065B /* DetailViewModel.swift in Sources */ = {isa = PBXBuildFile; fileRef = 0A2E69362A9D473B004E065B /* DetailViewModel.swift */; };
		0A2E693C2A9D4769004E065B /* CharacterViewModel.swift in Sources */ = {isa = PBXBuildFile; fileRef = 0A2E693B2A9D4769004E065B /* CharacterViewModel.swift */; };
		0A2E69412A9D4C24004E065B /* HomeViewModel.swift in Sources */ = {isa = PBXBuildFile; fileRef = 0A2E69402A9D4C24004E065B /* HomeViewModel.swift */; };
		0A2E69432A9D4C5D004E065B /* APIManager.swift in Sources */ = {isa = PBXBuildFile; fileRef = 0A2E69422A9D4C5D004E065B /* APIManager.swift */; };
		0A7716522AA3645000DD893A /* CharacterResponse.swift in Sources */ = {isa = PBXBuildFile; fileRef = 0A7716512AA3645000DD893A /* CharacterResponse.swift */; };
		0ABCE9382A9D63A2007072EB /* DetailViewController.swift in Sources */ = {isa = PBXBuildFile; fileRef = 0ABCE9372A9D63A2007072EB /* DetailViewController.swift */; };
		0ABCE93A2A9D63AF007072EB /* CharactersViewController.swift in Sources */ = {isa = PBXBuildFile; fileRef = 0ABCE9392A9D63AF007072EB /* CharactersViewController.swift */; };
		0ABCE9402A9D67E2007072EB /* CharactersCollectionViewCell.swift in Sources */ = {isa = PBXBuildFile; fileRef = 0ABCE93E2A9D67E2007072EB /* CharactersCollectionViewCell.swift */; };
		0AD1059C2AA667D400FF038D /* SeasonCollectionViewCell.swift in Sources */ = {isa = PBXBuildFile; fileRef = 0AD1059B2AA667D400FF038D /* SeasonCollectionViewCell.swift */; };
		0AD6906E2AA5E4C9009CCD75 /* LocationViewController.swift in Sources */ = {isa = PBXBuildFile; fileRef = 0AD6906D2AA5E4C9009CCD75 /* LocationViewController.swift */; };
		0AD690712AA5E52E009CCD75 /* LocoationViewModel.swift in Sources */ = {isa = PBXBuildFile; fileRef = 0AD690702AA5E52E009CCD75 /* LocoationViewModel.swift */; };
		0AD690732AA63C04009CCD75 /* LocationsCollectionViewCell.swift in Sources */ = {isa = PBXBuildFile; fileRef = 0AD690722AA63C04009CCD75 /* LocationsCollectionViewCell.swift */; };
		0AD690782AA63DDE009CCD75 /* EpisodeViewController.swift in Sources */ = {isa = PBXBuildFile; fileRef = 0AD690772AA63DDE009CCD75 /* EpisodeViewController.swift */; };
		0AD6907A2AA63DF2009CCD75 /* EpisodeViewModel.swift in Sources */ = {isa = PBXBuildFile; fileRef = 0AD690792AA63DF2009CCD75 /* EpisodeViewModel.swift */; };
		0AD6907C2AA63E10009CCD75 /* EpisodeCollectionViewCell.swift in Sources */ = {isa = PBXBuildFile; fileRef = 0AD6907B2AA63E10009CCD75 /* EpisodeCollectionViewCell.swift */; };
/* End PBXBuildFile section */

/* Begin PBXFileReference section */
		0A2E690C2A9D4038004E065B /* RickAndMortyApp.app */ = {isa = PBXFileReference; explicitFileType = wrapper.application; includeInIndex = 0; path = RickAndMortyApp.app; sourceTree = BUILT_PRODUCTS_DIR; };
		0A2E690F2A9D4038004E065B /* AppDelegate.swift */ = {isa = PBXFileReference; lastKnownFileType = sourcecode.swift; path = AppDelegate.swift; sourceTree = "<group>"; };
		0A2E69112A9D4038004E065B /* SceneDelegate.swift */ = {isa = PBXFileReference; lastKnownFileType = sourcecode.swift; path = SceneDelegate.swift; sourceTree = "<group>"; };
		0A2E69132A9D4038004E065B /* HomeViewController.swift */ = {isa = PBXFileReference; lastKnownFileType = sourcecode.swift; path = HomeViewController.swift; sourceTree = "<group>"; };
		0A2E69182A9D4039004E065B /* Assets.xcassets */ = {isa = PBXFileReference; lastKnownFileType = folder.assetcatalog; path = Assets.xcassets; sourceTree = "<group>"; };
		0A2E691B2A9D4039004E065B /* Base */ = {isa = PBXFileReference; lastKnownFileType = file.storyboard; name = Base; path = Base.lproj/LaunchScreen.storyboard; sourceTree = "<group>"; };
		0A2E691D2A9D4039004E065B /* Info.plist */ = {isa = PBXFileReference; lastKnownFileType = text.plist.xml; path = Info.plist; sourceTree = "<group>"; };
		0A2E69362A9D473B004E065B /* DetailViewModel.swift */ = {isa = PBXFileReference; lastKnownFileType = sourcecode.swift; path = DetailViewModel.swift; sourceTree = "<group>"; };
		0A2E693B2A9D4769004E065B /* CharacterViewModel.swift */ = {isa = PBXFileReference; lastKnownFileType = sourcecode.swift; path = CharacterViewModel.swift; sourceTree = "<group>"; };
		0A2E69402A9D4C24004E065B /* HomeViewModel.swift */ = {isa = PBXFileReference; lastKnownFileType = sourcecode.swift; path = HomeViewModel.swift; sourceTree = "<group>"; };
		0A2E69422A9D4C5D004E065B /* APIManager.swift */ = {isa = PBXFileReference; lastKnownFileType = sourcecode.swift; path = APIManager.swift; sourceTree = "<group>"; };
		0A7716512AA3645000DD893A /* CharacterResponse.swift */ = {isa = PBXFileReference; lastKnownFileType = sourcecode.swift; path = CharacterResponse.swift; sourceTree = "<group>"; };
		0ABCE9372A9D63A2007072EB /* DetailViewController.swift */ = {isa = PBXFileReference; lastKnownFileType = sourcecode.swift; path = DetailViewController.swift; sourceTree = "<group>"; };
		0ABCE9392A9D63AF007072EB /* CharactersViewController.swift */ = {isa = PBXFileReference; lastKnownFileType = sourcecode.swift; path = CharactersViewController.swift; sourceTree = "<group>"; };
		0ABCE93E2A9D67E2007072EB /* CharactersCollectionViewCell.swift */ = {isa = PBXFileReference; lastKnownFileType = sourcecode.swift; path = CharactersCollectionViewCell.swift; sourceTree = "<group>"; };
		0AD1059B2AA667D400FF038D /* SeasonCollectionViewCell.swift */ = {isa = PBXFileReference; lastKnownFileType = sourcecode.swift; path = SeasonCollectionViewCell.swift; sourceTree = "<group>"; };
		0AD6906D2AA5E4C9009CCD75 /* LocationViewController.swift */ = {isa = PBXFileReference; lastKnownFileType = sourcecode.swift; path = LocationViewController.swift; sourceTree = "<group>"; };
		0AD690702AA5E52E009CCD75 /* LocoationViewModel.swift */ = {isa = PBXFileReference; lastKnownFileType = sourcecode.swift; path = LocoationViewModel.swift; sourceTree = "<group>"; };
		0AD690722AA63C04009CCD75 /* LocationsCollectionViewCell.swift */ = {isa = PBXFileReference; lastKnownFileType = sourcecode.swift; path = LocationsCollectionViewCell.swift; sourceTree = "<group>"; };
		0AD690772AA63DDE009CCD75 /* EpisodeViewController.swift */ = {isa = PBXFileReference; lastKnownFileType = sourcecode.swift; path = EpisodeViewController.swift; sourceTree = "<group>"; };
		0AD690792AA63DF2009CCD75 /* EpisodeViewModel.swift */ = {isa = PBXFileReference; lastKnownFileType = sourcecode.swift; path = EpisodeViewModel.swift; sourceTree = "<group>"; };
		0AD6907B2AA63E10009CCD75 /* EpisodeCollectionViewCell.swift */ = {isa = PBXFileReference; lastKnownFileType = sourcecode.swift; path = EpisodeCollectionViewCell.swift; sourceTree = "<group>"; };
/* End PBXFileReference section */

/* Begin PBXFrameworksBuildPhase section */
		0A2E69092A9D4038004E065B /* Frameworks */ = {
			isa = PBXFrameworksBuildPhase;
			buildActionMask = 2147483647;
			files = (
			);
			runOnlyForDeploymentPostprocessing = 0;
		};
/* End PBXFrameworksBuildPhase section */

/* Begin PBXGroup section */
		0A2E69032A9D4038004E065B = {
			isa = PBXGroup;
			children = (
				0A2E690E2A9D4038004E065B /* RickAndMortyApp */,
				0A2E690D2A9D4038004E065B /* Products */,
			);
			sourceTree = "<group>";
		};
		0A2E690D2A9D4038004E065B /* Products */ = {
			isa = PBXGroup;
			children = (
				0A2E690C2A9D4038004E065B /* RickAndMortyApp.app */,
			);
			name = Products;
			sourceTree = "<group>";
		};
		0A2E690E2A9D4038004E065B /* RickAndMortyApp */ = {
			isa = PBXGroup;
			children = (
				0A7716502AA3643800DD893A /* Models */,
				0A2E69252A9D41D4004E065B /* Supporting Files */,
				0A2E69232A9D4191004E065B /* Services */,
				0A2E69242A9D41A7004E065B /* Screens */,
				0A2E691A2A9D4039004E065B /* LaunchScreen.storyboard */,
				0A2E691D2A9D4039004E065B /* Info.plist */,
			);
			path = RickAndMortyApp;
			sourceTree = "<group>";
		};
		0A2E69232A9D4191004E065B /* Services */ = {
			isa = PBXGroup;
			children = (
				0A2E69422A9D4C5D004E065B /* APIManager.swift */,
			);
			path = Services;
			sourceTree = "<group>";
		};
		0A2E69242A9D41A7004E065B /* Screens */ = {
			isa = PBXGroup;
			children = (
				0AD690742AA63DBF009CCD75 /* Episodes */,
				0AD6906A2AA5E4A3009CCD75 /* Locations */,
				0A2E69282A9D45B6004E065B /* Detail */,
				0A2E69272A9D44D3004E065B /* Characters */,
				0A2E69262A9D44CC004E065B /* Home */,
			);
			path = Screens;
			sourceTree = "<group>";
		};
		0A2E69252A9D41D4004E065B /* Supporting Files */ = {
			isa = PBXGroup;
			children = (
				0A2E69182A9D4039004E065B /* Assets.xcassets */,
				0A2E690F2A9D4038004E065B /* AppDelegate.swift */,
				0A2E69112A9D4038004E065B /* SceneDelegate.swift */,
			);
			path = "Supporting Files";
			sourceTree = "<group>";
		};
		0A2E69262A9D44CC004E065B /* Home */ = {
			isa = PBXGroup;
			children = (
				0A2E69292A9D45E4004E065B /* View */,
				0A2E692A2A9D45E9004E065B /* ViewModel */,
				0A2E69132A9D4038004E065B /* HomeViewController.swift */,
			);
			path = Home;
			sourceTree = "<group>";
		};
		0A2E69272A9D44D3004E065B /* Characters */ = {
			isa = PBXGroup;
			children = (
				0A2E692B2A9D45EF004E065B /* View */,
				0A2E692C2A9D45FA004E065B /* ViewModel */,
				0ABCE9392A9D63AF007072EB /* CharactersViewController.swift */,
			);
			path = Characters;
			sourceTree = "<group>";
		};
		0A2E69282A9D45B6004E065B /* Detail */ = {
			isa = PBXGroup;
			children = (
				0A2E692D2A9D4605004E065B /* View */,
				0A2E692E2A9D460A004E065B /* ViewModel */,
				0ABCE9372A9D63A2007072EB /* DetailViewController.swift */,
			);
			path = Detail;
			sourceTree = "<group>";
		};
		0A2E69292A9D45E4004E065B /* View */ = {
			isa = PBXGroup;
			children = (
			);
			path = View;
			sourceTree = "<group>";
		};
		0A2E692A2A9D45E9004E065B /* ViewModel */ = {
			isa = PBXGroup;
			children = (
				0A2E69402A9D4C24004E065B /* HomeViewModel.swift */,
			);
			path = ViewModel;
			sourceTree = "<group>";
		};
		0A2E692B2A9D45EF004E065B /* View */ = {
			isa = PBXGroup;
			children = (
				0ABCE93B2A9D6782007072EB /* Cell */,
			);
			path = View;
			sourceTree = "<group>";
		};
		0A2E692C2A9D45FA004E065B /* ViewModel */ = {
			isa = PBXGroup;
			children = (
				0A2E693B2A9D4769004E065B /* CharacterViewModel.swift */,
			);
			path = ViewModel;
			sourceTree = "<group>";
		};
		0A2E692D2A9D4605004E065B /* View */ = {
			isa = PBXGroup;
			children = (
			);
			path = View;
			sourceTree = "<group>";
		};
		0A2E692E2A9D460A004E065B /* ViewModel */ = {
			isa = PBXGroup;
			children = (
				0A2E69362A9D473B004E065B /* DetailViewModel.swift */,
			);
			path = ViewModel;
			sourceTree = "<group>";
		};
		0A7716502AA3643800DD893A /* Models */ = {
			isa = PBXGroup;
			children = (
				0A7716512AA3645000DD893A /* CharacterResponse.swift */,
			);
			path = Models;
			sourceTree = "<group>";
		};
		0ABCE93B2A9D6782007072EB /* Cell */ = {
			isa = PBXGroup;
			children = (
				0ABCE93E2A9D67E2007072EB /* CharactersCollectionViewCell.swift */,
			);
			path = Cell;
			sourceTree = "<group>";
		};
		0AD6906A2AA5E4A3009CCD75 /* Locations */ = {
			isa = PBXGroup;
			children = (
				0AD6906B2AA5E4AA009CCD75 /* View */,
				0AD6906C2AA5E4AF009CCD75 /* ViewModel */,
				0AD6906D2AA5E4C9009CCD75 /* LocationViewController.swift */,
			);
			path = Locations;
			sourceTree = "<group>";
		};
		0AD6906B2AA5E4AA009CCD75 /* View */ = {
			isa = PBXGroup;
			children = (
				0AD690722AA63C04009CCD75 /* LocationsCollectionViewCell.swift */,
			);
			path = View;
			sourceTree = "<group>";
		};
		0AD6906C2AA5E4AF009CCD75 /* ViewModel */ = {
			isa = PBXGroup;
			children = (
				0AD690702AA5E52E009CCD75 /* LocoationViewModel.swift */,
			);
			path = ViewModel;
			sourceTree = "<group>";
		};
		0AD690742AA63DBF009CCD75 /* Episodes */ = {
			isa = PBXGroup;
			children = (
				0AD690752AA63DC6009CCD75 /* View */,
				0AD690762AA63DCB009CCD75 /* ViewModel */,
				0AD690772AA63DDE009CCD75 /* EpisodeViewController.swift */,
			);
			path = Episodes;
			sourceTree = "<group>";
		};
		0AD690752AA63DC6009CCD75 /* View */ = {
			isa = PBXGroup;
			children = (
				0AD6907B2AA63E10009CCD75 /* EpisodeCollectionViewCell.swift */,
				0AD1059B2AA667D400FF038D /* SeasonCollectionViewCell.swift */,
			);
			path = View;
			sourceTree = "<group>";
		};
		0AD690762AA63DCB009CCD75 /* ViewModel */ = {
			isa = PBXGroup;
			children = (
				0AD690792AA63DF2009CCD75 /* EpisodeViewModel.swift */,
			);
			path = ViewModel;
			sourceTree = "<group>";
		};
/* End PBXGroup section */

/* Begin PBXNativeTarget section */
		0A2E690B2A9D4038004E065B /* RickAndMortyApp */ = {
			isa = PBXNativeTarget;
			buildConfigurationList = 0A2E69202A9D4039004E065B /* Build configuration list for PBXNativeTarget "RickAndMortyApp" */;
			buildPhases = (
				0A2E69082A9D4038004E065B /* Sources */,
				0A2E69092A9D4038004E065B /* Frameworks */,
				0A2E690A2A9D4038004E065B /* Resources */,
			);
			buildRules = (
			);
			dependencies = (
			);
			name = RickAndMortyApp;
			productName = RickAndMortyApp;
			productReference = 0A2E690C2A9D4038004E065B /* RickAndMortyApp.app */;
			productType = "com.apple.product-type.application";
		};
/* End PBXNativeTarget section */

/* Begin PBXProject section */
		0A2E69042A9D4038004E065B /* Project object */ = {
			isa = PBXProject;
			attributes = {
				BuildIndependentTargetsInParallel = 1;
				LastSwiftUpdateCheck = 1430;
				LastUpgradeCheck = 1430;
				TargetAttributes = {
					0A2E690B2A9D4038004E065B = {
						CreatedOnToolsVersion = 14.3.1;
					};
				};
			};
			buildConfigurationList = 0A2E69072A9D4038004E065B /* Build configuration list for PBXProject "RickAndMortyApp" */;
			compatibilityVersion = "Xcode 14.0";
			developmentRegion = en;
			hasScannedForEncodings = 0;
			knownRegions = (
				en,
				Base,
			);
			mainGroup = 0A2E69032A9D4038004E065B;
			productRefGroup = 0A2E690D2A9D4038004E065B /* Products */;
			projectDirPath = "";
			projectRoot = "";
			targets = (
				0A2E690B2A9D4038004E065B /* RickAndMortyApp */,
			);
		};
/* End PBXProject section */

/* Begin PBXResourcesBuildPhase section */
		0A2E690A2A9D4038004E065B /* Resources */ = {
			isa = PBXResourcesBuildPhase;
			buildActionMask = 2147483647;
			files = (
				0A2E691C2A9D4039004E065B /* LaunchScreen.storyboard in Resources */,
				0A2E69192A9D4039004E065B /* Assets.xcassets in Resources */,
			);
			runOnlyForDeploymentPostprocessing = 0;
		};
/* End PBXResourcesBuildPhase section */

/* Begin PBXSourcesBuildPhase section */
		0A2E69082A9D4038004E065B /* Sources */ = {
			isa = PBXSourcesBuildPhase;
			buildActionMask = 2147483647;
			files = (
				0AD690712AA5E52E009CCD75 /* LocoationViewModel.swift in Sources */,
				0ABCE93A2A9D63AF007072EB /* CharactersViewController.swift in Sources */,
				0A7716522AA3645000DD893A /* CharacterResponse.swift in Sources */,
				0A2E69142A9D4038004E065B /* HomeViewController.swift in Sources */,
				0AD690782AA63DDE009CCD75 /* EpisodeViewController.swift in Sources */,
				0AD1059C2AA667D400FF038D /* SeasonCollectionViewCell.swift in Sources */,
				0AD6906E2AA5E4C9009CCD75 /* LocationViewController.swift in Sources */,
				0AD6907A2AA63DF2009CCD75 /* EpisodeViewModel.swift in Sources */,
				0A2E693C2A9D4769004E065B /* CharacterViewModel.swift in Sources */,
				0A2E69372A9D473B004E065B /* DetailViewModel.swift in Sources */,
				0AD6907C2AA63E10009CCD75 /* EpisodeCollectionViewCell.swift in Sources */,
				0AD690732AA63C04009CCD75 /* LocationsCollectionViewCell.swift in Sources */,
				0ABCE9402A9D67E2007072EB /* CharactersCollectionViewCell.swift in Sources */,
				0A2E69432A9D4C5D004E065B /* APIManager.swift in Sources */,
				0A2E69412A9D4C24004E065B /* HomeViewModel.swift in Sources */,
				0A2E69102A9D4038004E065B /* AppDelegate.swift in Sources */,
				0A2E69122A9D4038004E065B /* SceneDelegate.swift in Sources */,
				0ABCE9382A9D63A2007072EB /* DetailViewController.swift in Sources */,
			);
			runOnlyForDeploymentPostprocessing = 0;
		};
/* End PBXSourcesBuildPhase section */

/* Begin PBXVariantGroup section */
		0A2E691A2A9D4039004E065B /* LaunchScreen.storyboard */ = {
			isa = PBXVariantGroup;
			children = (
				0A2E691B2A9D4039004E065B /* Base */,
			);
			name = LaunchScreen.storyboard;
			sourceTree = "<group>";
		};
/* End PBXVariantGroup section */

/* Begin XCBuildConfiguration section */
		0A2E691E2A9D4039004E065B /* Debug */ = {
			isa = XCBuildConfiguration;
			buildSettings = {
				ALWAYS_SEARCH_USER_PATHS = NO;
				CLANG_ANALYZER_NONNULL = YES;
				CLANG_ANALYZER_NUMBER_OBJECT_CONVERSION = YES_AGGRESSIVE;
				CLANG_CXX_LANGUAGE_STANDARD = "gnu++20";
				CLANG_ENABLE_MODULES = YES;
				CLANG_ENABLE_OBJC_ARC = YES;
				CLANG_ENABLE_OBJC_WEAK = YES;
				CLANG_WARN_BLOCK_CAPTURE_AUTORELEASING = YES;
				CLANG_WARN_BOOL_CONVERSION = YES;
				CLANG_WARN_COMMA = YES;
				CLANG_WARN_CONSTANT_CONVERSION = YES;
				CLANG_WARN_DEPRECATED_OBJC_IMPLEMENTATIONS = YES;
				CLANG_WARN_DIRECT_OBJC_ISA_USAGE = YES_ERROR;
				CLANG_WARN_DOCUMENTATION_COMMENTS = YES;
				CLANG_WARN_EMPTY_BODY = YES;
				CLANG_WARN_ENUM_CONVERSION = YES;
				CLANG_WARN_INFINITE_RECURSION = YES;
				CLANG_WARN_INT_CONVERSION = YES;
				CLANG_WARN_NON_LITERAL_NULL_CONVERSION = YES;
				CLANG_WARN_OBJC_IMPLICIT_RETAIN_SELF = YES;
				CLANG_WARN_OBJC_LITERAL_CONVERSION = YES;
				CLANG_WARN_OBJC_ROOT_CLASS = YES_ERROR;
				CLANG_WARN_QUOTED_INCLUDE_IN_FRAMEWORK_HEADER = YES;
				CLANG_WARN_RANGE_LOOP_ANALYSIS = YES;
				CLANG_WARN_STRICT_PROTOTYPES = YES;
				CLANG_WARN_SUSPICIOUS_MOVE = YES;
				CLANG_WARN_UNGUARDED_AVAILABILITY = YES_AGGRESSIVE;
				CLANG_WARN_UNREACHABLE_CODE = YES;
				CLANG_WARN__DUPLICATE_METHOD_MATCH = YES;
				COPY_PHASE_STRIP = NO;
				DEBUG_INFORMATION_FORMAT = dwarf;
				ENABLE_STRICT_OBJC_MSGSEND = YES;
				ENABLE_TESTABILITY = YES;
				GCC_C_LANGUAGE_STANDARD = gnu11;
				GCC_DYNAMIC_NO_PIC = NO;
				GCC_NO_COMMON_BLOCKS = YES;
				GCC_OPTIMIZATION_LEVEL = 0;
				GCC_PREPROCESSOR_DEFINITIONS = (
					"DEBUG=1",
					"$(inherited)",
				);
				GCC_WARN_64_TO_32_BIT_CONVERSION = YES;
				GCC_WARN_ABOUT_RETURN_TYPE = YES_ERROR;
				GCC_WARN_UNDECLARED_SELECTOR = YES;
				GCC_WARN_UNINITIALIZED_AUTOS = YES_AGGRESSIVE;
				GCC_WARN_UNUSED_FUNCTION = YES;
				GCC_WARN_UNUSED_VARIABLE = YES;
				IPHONEOS_DEPLOYMENT_TARGET = 16.4;
				MTL_ENABLE_DEBUG_INFO = INCLUDE_SOURCE;
				MTL_FAST_MATH = YES;
				ONLY_ACTIVE_ARCH = YES;
				SDKROOT = iphoneos;
				SWIFT_ACTIVE_COMPILATION_CONDITIONS = DEBUG;
				SWIFT_OPTIMIZATION_LEVEL = "-Onone";
			};
			name = Debug;
		};
		0A2E691F2A9D4039004E065B /* Release */ = {
			isa = XCBuildConfiguration;
			buildSettings = {
				ALWAYS_SEARCH_USER_PATHS = NO;
				CLANG_ANALYZER_NONNULL = YES;
				CLANG_ANALYZER_NUMBER_OBJECT_CONVERSION = YES_AGGRESSIVE;
				CLANG_CXX_LANGUAGE_STANDARD = "gnu++20";
				CLANG_ENABLE_MODULES = YES;
				CLANG_ENABLE_OBJC_ARC = YES;
				CLANG_ENABLE_OBJC_WEAK = YES;
				CLANG_WARN_BLOCK_CAPTURE_AUTORELEASING = YES;
				CLANG_WARN_BOOL_CONVERSION = YES;
				CLANG_WARN_COMMA = YES;
				CLANG_WARN_CONSTANT_CONVERSION = YES;
				CLANG_WARN_DEPRECATED_OBJC_IMPLEMENTATIONS = YES;
				CLANG_WARN_DIRECT_OBJC_ISA_USAGE = YES_ERROR;
				CLANG_WARN_DOCUMENTATION_COMMENTS = YES;
				CLANG_WARN_EMPTY_BODY = YES;
				CLANG_WARN_ENUM_CONVERSION = YES;
				CLANG_WARN_INFINITE_RECURSION = YES;
				CLANG_WARN_INT_CONVERSION = YES;
				CLANG_WARN_NON_LITERAL_NULL_CONVERSION = YES;
				CLANG_WARN_OBJC_IMPLICIT_RETAIN_SELF = YES;
				CLANG_WARN_OBJC_LITERAL_CONVERSION = YES;
				CLANG_WARN_OBJC_ROOT_CLASS = YES_ERROR;
				CLANG_WARN_QUOTED_INCLUDE_IN_FRAMEWORK_HEADER = YES;
				CLANG_WARN_RANGE_LOOP_ANALYSIS = YES;
				CLANG_WARN_STRICT_PROTOTYPES = YES;
				CLANG_WARN_SUSPICIOUS_MOVE = YES;
				CLANG_WARN_UNGUARDED_AVAILABILITY = YES_AGGRESSIVE;
				CLANG_WARN_UNREACHABLE_CODE = YES;
				CLANG_WARN__DUPLICATE_METHOD_MATCH = YES;
				COPY_PHASE_STRIP = NO;
				DEBUG_INFORMATION_FORMAT = "dwarf-with-dsym";
				ENABLE_NS_ASSERTIONS = NO;
				ENABLE_STRICT_OBJC_MSGSEND = YES;
				GCC_C_LANGUAGE_STANDARD = gnu11;
				GCC_NO_COMMON_BLOCKS = YES;
				GCC_WARN_64_TO_32_BIT_CONVERSION = YES;
				GCC_WARN_ABOUT_RETURN_TYPE = YES_ERROR;
				GCC_WARN_UNDECLARED_SELECTOR = YES;
				GCC_WARN_UNINITIALIZED_AUTOS = YES_AGGRESSIVE;
				GCC_WARN_UNUSED_FUNCTION = YES;
				GCC_WARN_UNUSED_VARIABLE = YES;
				IPHONEOS_DEPLOYMENT_TARGET = 16.4;
				MTL_ENABLE_DEBUG_INFO = NO;
				MTL_FAST_MATH = YES;
				SDKROOT = iphoneos;
				SWIFT_COMPILATION_MODE = wholemodule;
				SWIFT_OPTIMIZATION_LEVEL = "-O";
				VALIDATE_PRODUCT = YES;
			};
			name = Release;
		};
		0A2E69212A9D4039004E065B /* Debug */ = {
			isa = XCBuildConfiguration;
			buildSettings = {
				ASSETCATALOG_COMPILER_APPICON_NAME = AppIcon;
				ASSETCATALOG_COMPILER_GLOBAL_ACCENT_COLOR_NAME = AccentColor;
				CODE_SIGN_STYLE = Automatic;
				CURRENT_PROJECT_VERSION = 1;
				DEVELOPMENT_TEAM = A84V645XXM;
				GENERATE_INFOPLIST_FILE = YES;
				INFOPLIST_FILE = RickAndMortyApp/Info.plist;
				INFOPLIST_KEY_UIApplicationSupportsIndirectInputEvents = YES;
				INFOPLIST_KEY_UILaunchStoryboardName = LaunchScreen.storyboard;
				INFOPLIST_KEY_UIRequiresFullScreen = NO;
				INFOPLIST_KEY_UISupportedInterfaceOrientations_iPad = "UIInterfaceOrientationPortrait UIInterfaceOrientationPortraitUpsideDown UIInterfaceOrientationLandscapeLeft UIInterfaceOrientationLandscapeRight";
				INFOPLIST_KEY_UISupportedInterfaceOrientations_iPhone = "UIInterfaceOrientationPortrait UIInterfaceOrientationLandscapeLeft UIInterfaceOrientationLandscapeRight";
				LD_RUNPATH_SEARCH_PATHS = (
					"$(inherited)",
					"@executable_path/Frameworks",
				);
				MARKETING_VERSION = 1.0;
				PRODUCT_BUNDLE_IDENTIFIER = com.learningswift.RickAndMortyApp;
				PRODUCT_NAME = "$(TARGET_NAME)";
				SWIFT_EMIT_LOC_STRINGS = YES;
				SWIFT_VERSION = 5.0;
				TARGETED_DEVICE_FAMILY = "1,2";
			};
			name = Debug;
		};
		0A2E69222A9D4039004E065B /* Release */ = {
			isa = XCBuildConfiguration;
			buildSettings = {
				ASSETCATALOG_COMPILER_APPICON_NAME = AppIcon;
				ASSETCATALOG_COMPILER_GLOBAL_ACCENT_COLOR_NAME = AccentColor;
				CODE_SIGN_STYLE = Automatic;
				CURRENT_PROJECT_VERSION = 1;
				DEVELOPMENT_TEAM = A84V645XXM;
				GENERATE_INFOPLIST_FILE = YES;
				INFOPLIST_FILE = RickAndMortyApp/Info.plist;
				INFOPLIST_KEY_UIApplicationSupportsIndirectInputEvents = YES;
				INFOPLIST_KEY_UILaunchStoryboardName = LaunchScreen.storyboard;
				INFOPLIST_KEY_UIRequiresFullScreen = NO;
				INFOPLIST_KEY_UISupportedInterfaceOrientations_iPad = "UIInterfaceOrientationPortrait UIInterfaceOrientationPortraitUpsideDown UIInterfaceOrientationLandscapeLeft UIInterfaceOrientationLandscapeRight";
				INFOPLIST_KEY_UISupportedInterfaceOrientations_iPhone = "UIInterfaceOrientationPortrait UIInterfaceOrientationLandscapeLeft UIInterfaceOrientationLandscapeRight";
				LD_RUNPATH_SEARCH_PATHS = (
					"$(inherited)",
					"@executable_path/Frameworks",
				);
				MARKETING_VERSION = 1.0;
				PRODUCT_BUNDLE_IDENTIFIER = com.learningswift.RickAndMortyApp;
				PRODUCT_NAME = "$(TARGET_NAME)";
				SWIFT_EMIT_LOC_STRINGS = YES;
				SWIFT_VERSION = 5.0;
				TARGETED_DEVICE_FAMILY = "1,2";
			};
			name = Release;
		};
/* End XCBuildConfiguration section */

/* Begin XCConfigurationList section */
		0A2E69072A9D4038004E065B /* Build configuration list for PBXProject "RickAndMortyApp" */ = {
			isa = XCConfigurationList;
			buildConfigurations = (
				0A2E691E2A9D4039004E065B /* Debug */,
				0A2E691F2A9D4039004E065B /* Release */,
			);
			defaultConfigurationIsVisible = 0;
			defaultConfigurationName = Release;
		};
		0A2E69202A9D4039004E065B /* Build configuration list for PBXNativeTarget "RickAndMortyApp" */ = {
			isa = XCConfigurationList;
			buildConfigurations = (
				0A2E69212A9D4039004E065B /* Debug */,
				0A2E69222A9D4039004E065B /* Release */,
			);
			defaultConfigurationIsVisible = 0;
			defaultConfigurationName = Release;
		};
/* End XCConfigurationList section */
	};
	rootObject = 0A2E69042A9D4038004E065B /* Project object */;
}
